github.com/aws/aws-lambda-go v1.53.0 h1:uAMv6W/vCP/L494BAUSxe+8KVBIPK+SGPyapFt3FuMk=
github.com/aws/aws-lambda-go v1.53.0/go.mod h1:dpMpZgvWx5vuQJfBt0zqBha60q7Dd7RfgJv23DymV8A=
github.com/aws/aws-sdk-go-v2 v1.41.5 h1:dj5kopbwUsVUVFgO4Fi5BIT3t4WyqIDjGKCangnV/yY=
github.com/aws/aws-sdk-go-v2 v1.41.5/go.mod h1:mwsPRE8ceUUpiTgF7QmQIJ7lgsKUPQOUl3o72QBrE1o=
github.com/aws/aws-sdk-go-v2 v1.41.6 h1:1AX0AthnBQzMx1vbmir3Y4WsnJgiydmnJjiLu+LvXOg=
github.com/aws/aws-sdk-go-v2 v1.41.6/go.mod h1:dy0UzBIfwSeot4grGvY1AqFWN5zgziMmWGzysDnHFcQ=
github.com/aws/aws-sdk-go-v2/aws/protocol/eventstream v1.7.8 h1:eBMB84YGghSocM7PsjmmPffTa+1FBUeNvGvFou6V/4o=
github.com/aws/aws-sdk-go-v2/aws/protocol/eventstream v1.7.8/go.mod h1:lyw7GFp3qENLh7kwzf7iMzAxDn+NzjXEAGjKS2UOKqI=
github.com/aws/aws-sdk-go-v2/config v1.32.11 h1:ftxI5sgz8jZkckuUHXfC/wMUc8u3fG1vQS0plr2F2Zs=
github.com/aws/aws-sdk-go-v2/config v1.32.11/go.mod h1:twF11+6ps9aNRKEDimksp923o44w/Thk9+8YIlzWMmo=
github.com/aws/aws-sdk-go-v2/credentials v1.19.11 h1:NdV8cwCcAXrCWyxArt58BrvZJ9pZ9Fhf9w6Uh5W3Uyc=
github.com/aws/aws-sdk-go-v2/credentials v1.19.11/go.mod h1:30yY2zqkMPdrvxBqzI9xQCM+WrlrZKSOpSJEsylVU+8=
github.com/aws/aws-sdk-go-v2/feature/dynamodb/attributevalue v1.20.34 h1:gBoK/UF+CltS2dkNgpUwEROtNBtAsVCfWqIi+0qRDVA=
github.com/aws/aws-sdk-go-v2/feature/dynamodb/attributevalue v1.20.34/go.mod h1:B4x2ogC2wSey/swvEainiBzLXiY89+xJaa85vcJFvD8=
github.com/aws/aws-sdk-go-v2/feature/dynamodb/expression v1.8.34 h1:/187PQzLl/ahaS3IOvO3nvALpexBNtP36cyyMzGUK9w=
github.com/aws/aws-sdk-go-v2/feature/dynamodb/expression v1.8.34/go.mod h1:TVFIqN6SzGCqOKH/1zJGTqW+TKsovaHUsPd+ZUMxBBs=
github.com/aws/aws-sdk-go-v2/feature/ec2/imds v1.18.19 h1:INUvJxmhdEbVulJYHI061k4TVuS3jzzthNvjqvVvTKM=
github.com/aws/aws-sdk-go-v2/feature/ec2/imds v1.18.19/go.mod h1:FpZN2QISLdEBWkayloda+sZjVJL+e9Gl0k1SyTgcswU=
github.com/aws/aws-sdk-go-v2/internal/configsources v1.4.21 h1:Rgg6wvjjtX8bNHcvi9OnXWwcE0a2vGpbwmtICOsvcf4=
github.com/aws/aws-sdk-go-v2/internal/configsources v1.4.21/go.mod h1:A/kJFst/nm//cyqonihbdpQZwiUhhzpqTsdbhDdRF9c=
github.com/aws/aws-sdk-go-v2/internal/configsources v1.4.22 h1:GmLa5Kw1ESqtFpXsx5MmC84QWa/ZrLZvlJGa2y+4kcQ=
github.com/aws/aws-sdk-go-v2/internal/configsources v1.4.22/go.mod h1:6sW9iWm9DK9YRpRGga/qzrzNLgKpT2cIxb7Vo2eNOp0=
github.com/aws/aws-sdk-go-v2/internal/endpoints/v2 v2.7.21 h1:PEgGVtPoB6NTpPrBgqSE5hE/o47Ij9qk/SEZFbUOe9A=
github.com/aws/aws-sdk-go-v2/internal/endpoints/v2 v2.7.21/go.mod h1:p+hz+PRAYlY3zcpJhPwXlLC4C+kqn70WIHwnzAfs6ps=
github.com/aws/aws-sdk-go-v2/internal/endpoints/v2 v2.7.22 h1:dY4kWZiSaXIzxnKlj17nHnBcXXBfac6UlsAx2qL6XrU=
github.com/aws/aws-sdk-go-v2/internal/endpoints/v2 v2.7.22/go.mod h1:KIpEUx0JuRZLO7U6cbV204cWAEco2iC3l061IxlwLtI=
github.com/aws/aws-sdk-go-v2/internal/ini v1.8.5 h1:clHU5fm//kWS1C2HgtgWxfQbFbx4b6rx+5jzhgX9HrI=
github.com/aws/aws-sdk-go-v2/internal/ini v1.8.5/go.mod h1:O3h0IK87yXci+kg6flUKzJnWeziQUKciKrLjcatSNcY=
github.com/aws/aws-sdk-go-v2/internal/v4a v1.4.21 h1:SwGMTMLIlvDNyhMteQ6r8IJSBPlRdXX5d4idhIGbkXA=
github.com/aws/aws-sdk-go-v2/internal/v4a v1.4.21/go.mod h1:UUxgWxofmOdAMuqEsSppbDtGKLfR04HGsD0HXzvhI1k=
github.com/aws/aws-sdk-go-v2/service/apigatewaymanagementapi v1.29.14 h1:3cZs+0pYup/+ktPTJH8jTo07uHEZh+Qg5cOz6XrfiD0=
github.com/aws/aws-sdk-go-v2/service/apigatewaymanagementapi v1.29.14/go.mod h1:qQrL+qYYxyGckiOhOkv0qzjM5mIncSrElEzjWUEPq0s=
github.com/aws/aws-sdk-go-v2/service/bedrockagent v1.52.5 h1:e9Mpv26+CrDGlFIbLHAVDAwF4cgIQJAhu7yFg3udoCE=
github.com/aws/aws-sdk-go-v2/service/bedrockagent v1.52.5/go.mod h1:xRrrUCYuOzKBqOdsJbeJFVSPWI98tDNrWgdnjcaoDdc=
github.com/aws/aws-sdk-go-v2/service/bedrockagentruntime v1.51.5 h1:+OH7Oem3lqQwpsNHUbqsQnftsTPzvpGiU/yimx3n4AI=
github.com/aws/aws-sdk-go-v2/service/bedrockagentruntime v1.51.5/go.mod h1:O51cTC72W3Lz086bbUFWojgAeTuoFY+/NZ6kGZ8YLQY=
github.com/aws/aws-sdk-go-v2/service/bedrockruntime v1.50.1 h1:tnLUbtNW5c056BEbQ4xvlZaakvgdaEdiKF87R1fxuoo=
github.com/aws/aws-sdk-go-v2/service/bedrockruntime v1.50.1/go.mod h1:DYDD64rVUpCvpLyuWCiTaaSfrW2O9GiDo8S6fNo8ZI0=
github.com/aws/aws-sdk-go-v2/service/cognitoidentityprovider v1.60.1 h1:DdaA4M1SBSUjlLra0DLNGZrjeGlqujE+ClpMIZ0Ww6w=
github.com/aws/aws-sdk-go-v2/service/cognitoidentityprovider v1.60.1/go.mod h1:jV4WhWx/pQMmXGp2u97+b+sOsagzQoM2T1EycFXfhj4=
github.com/aws/aws-sdk-go-v2/service/dynamodb v1.56.1 h1:EkW4NqA2mwCkL7YCDYh6OpA/bCMhKYbZgpRHt2FD2Ow=
github.com/aws/aws-sdk-go-v2/service/dynamodb v1.56.1/go.mod h1:OQp5333OH1IjmJmJpTU4IwoaOoCMnDrThg0zIx169rE=
github.com/aws/aws-sdk-go-v2/service/dynamodbstreams v1.32.12 h1:EhZjf2GKn/V3yPfYmUGdYmrcbxaGu2LO0M6ZrOt/qu8=
github.com/aws/aws-sdk-go-v2/service/dynamodbstreams v1.32.12/go.mod h1:KPi0H5VdX4011P0gF806TZt8EiP3FkeRkt6+lzMUvxQ=
github.com/aws/aws-sdk-go-v2/service/eventbridge v1.45.22 h1:cm/RiC6QzSQ8aM6q7jkNtwmionz3QqRgFT54dotIqXI=
github.com/aws/aws-sdk-go-v2/service/eventbridge v1.45.22/go.mod h1:J2863TSn5IpQqTh7RgH8fFV+nnC4JNei47nq5PO/vhI=
github.com/aws/aws-sdk-go-v2/service/internal/accept-encoding v1.13.6 h1:XAq62tBTJP/85lFD5oqOOe7YYgWxY9LvWq8plyDvDVg=
github.com/aws/aws-sdk-go-v2/service/internal/accept-encoding v1.13.6/go.mod h1:x0nZssQ3qZSnIcePWLvcoFisRXJzcTVvYpAAdYX8+GI=
github.com/aws/aws-sdk-go-v2/service/internal/checksum v1.9.11 h1:BYf7XNsJMzl4mObARUBUib+j2tf0U//JAAtTnYqvqCw=
github.com/aws/aws-sdk-go-v2/service/internal/checksum v1.9.11/go.mod h1:aEUS4WrNk/+FxkBZZa7tVgp4pGH+kFGW40Y8rCPqt5g=
github.com/aws/aws-sdk-go-v2/service/internal/endpoint-discovery v1.11.19 h1:jdCj9vbCXwzTcIJX+MVd2UdssFhRJFTrWlPZwZB8Hpk=
github.com/aws/aws-sdk-go-v2/service/internal/endpoint-discovery v1.11.19/go.mod h1:Dgg2d5WGRr7YB8JJsELskBxLUhgwWppXPwlvmuQKhbc=
github.com/aws/aws-sdk-go-v2/service/internal/presigned-url v1.13.19 h1:X1Tow7suZk9UCJHE1Iw9GMZJJl0dAnKXXP1NaSDHwmw=
github.com/aws/aws-sdk-go-v2/service/internal/presigned-url v1.13.19/go.mod h1:/rARO8psX+4sfjUQXp5LLifjUt8DuATZ31WptNJTyQA=
github.com/aws/aws-sdk-go-v2/service/internal/s3shared v1.19.19 h1:JnQeStZvPHFHeyky/7LbMlyQjUa+jIBj36OlWm0pzIk=
github.com/aws/aws-sdk-go-v2/service/internal/s3shared v1.19.19/go.mod h1:HGyasyHvYdFQeJhvDHfH7HXkHh57htcJGKDZ+7z+I24=
github.com/aws/aws-sdk-go-v2/service/kms v1.50.3 h1:s/zDSG/a/Su9aX+v0Ld9cimUCdkr5FWPmBV8owaEbZY=
github.com/aws/aws-sdk-go-v2/service/kms v1.50.3/go.mod h1:/iSgiUor15ZuxFGQSTf3lA2FmKxFsQoc2tADOarQBSw=
github.com/aws/aws-sdk-go-v2/service/lambda v1.89.0 h1:e4NAllPs/ygQ7W4dTlAuP5N7QpCT+rTij3S8UOv2DD4=
github.com/aws/aws-sdk-go-v2/service/lambda v1.89.0/go.mod h1:6HBXRyFFqOw+ALkJ6YGHfrr20/YXYv6X9pcZErXRvCA=
github.com/aws/aws-sdk-go-v2/service/s3 v1.96.3 h1:+d0SsTvxtIJt4tSJ6wr+jrxEMDa6XeupjRv8H7Qitkk=
github.com/aws/aws-sdk-go-v2/service/s3 v1.96.3/go.mod h1:ROUNFvFWPwBlOu687WJNQ9cPvd2ccpFrnCiA1YGz50o=
github.com/aws/aws-sdk-go-v2/service/signin v1.0.7 h1:Y2cAXlClHsXkkOvWZFXATr34b0hxxloeQu/pAZz2row=
github.com/aws/aws-sdk-go-v2/service/signin v1.0.7/go.mod h1:idzZ7gmDeqeNrSPkdbtMp9qWMgcBwykA7P7Rzh5DXVU=
github.com/aws/aws-sdk-go-v2/service/sso v1.30.12 h1:iSsvB9EtQ09YrsmIc44Heqlx5ByGErqhPK1ZQLppias=
github.com/aws/aws-sdk-go-v2/service/sso v1.30.12/go.mod h1:fEWYKTRGoZNl8tZ77i61/ccwOMJdGxwOhWCkp6TXAr0=
github.com/aws/aws-sdk-go-v2/service/ssooidc v1.35.16 h1:EnUdUqRP1CNzt2DkV67tJx6XDN4xlfBFm+bzeNOQVb0=
github.com/aws/aws-sdk-go-v2/service/ssooidc v1.35.16/go.mod h1:Jic/xv0Rq/pFNCh3WwpH4BEqdbSAl+IyHro8LbibHD8=
github.com/aws/aws-sdk-go-v2/service/sts v1.41.8 h1:XQTQTF75vnug2TXS8m7CVJfC2nniYPZnO1D4Np761Oo=
github.com/aws/aws-sdk-go-v2/service/sts v1.41.8/go.mod h1:Xgx+PR1NUOjNmQY+tRMnouRp83JRM8pRMw/vCaVhPkI=
github.com/aws/aws-sdk-go-v2/service/transcribe v1.54.2 h1:eUNEi1Uy07BPhTpfYCVE/dxNQBgmUq+BXik0Jccj+oU=
github.com/aws/aws-sdk-go-v2/service/transcribe v1.54.2/go.mod h1:zDpxwgEo31F2BEiSu3yDkP/Qql0ImEQwrgfLXZiGrVU=
github.com/aws/aws-sdk-go-v2/service/translate v1.33.19 h1:f3CeUL632kDCRDx5n5hJIRBdPR/xlBE6ft6aB3cub1Q=
github.com/aws/aws-sdk-go-v2/service/translate v1.33.19/go.mod h1:9mVYo6PRqjUqyooPJps9VgTZ0bVut8M+daXoLEa4yAQ=
github.com/aws/smithy-go v1.24.2 h1:FzA3bu/nt/vDvmnkg+R8Xl46gmzEDam6mZ1hzmwXFng=
github.com/aws/smithy-go v1.24.2/go.mod h1:YE2RhdIuDbA5E5bTdciG9KrW3+TiEONeUWCqxX9i1Fc=
github.com/aws/smithy-go v1.25.0 h1:Sz/XJ64rwuiKtB6j98nDIPyYrV1nVNJ4YU74gttcl5U=
github.com/aws/smithy-go v1.25.0/go.mod h1:YE2RhdIuDbA5E5bTdciG9KrW3+TiEONeUWCqxX9i1Fc=
github.com/awslabs/aws-lambda-go-api-proxy v0.16.2 h1:CJyGEyO1CIwOnXTU40urf0mchf6t3voxpvUDikOU9LY=
github.com/awslabs/aws-lambda-go-api-proxy v0.16.2/go.mod h1:vxxjwBHe/KbgFeNlAP/Tvp4SsVRL3WQamcWRxqVh0z0=
github.com/davecgh/go-spew v1.1.1 h1:vj9j/u1bqnvCEfJOwUhtlOARqs3+rkHYY13jYWTU97c=
github.com/davecgh/go-spew v1.1.1/go.mod h1:J7Y8YcW2NihsgmVo/mv3lAwl/skON4iLHjSsI+c5H38=
github.com/fsnotify/fsnotify v1.7.0 h1:8JEhPFa5W2WU7YfeZzPNqzMP6Lwt7L2715Ggo0nosvA=
github.com/fsnotify/fsnotify v1.7.0/go.mod h1:40Bi/Hjc2AVfZrqy+aj+yEI+/bRxZnMJyTJwOpGvigM=
github.com/go-chi/chi/v5 v5.2.5 h1:Eg4myHZBjyvJmAFjFvWgrqDTXFyOzjj7YIm3L3mu6Ug=
github.com/go-chi/chi/v5 v5.2.5/go.mod h1:X7Gx4mteadT3eDOMTsXzmI4/rwUpOwBHLpAfupzFJP0=
github.com/golang-jwt/jwt/v5 v5.3.1 h1:kYf81DTWFe7t+1VvL7eS+jKFVWaUnK9cB1qbwn63YCY=
github.com/golang-jwt/jwt/v5 v5.3.1/go.mod h1:fxCRLWMO43lRc8nhHWY6LGqRcf+1gQWArsqaEUEa5bE=
github.com/google/go-cmp v0.5.9 h1:O2Tfq5qg4qc4AmwVlvv0oLiVAGB7enBSJ2x2DqQFi38=
github.com/google/go-cmp v0.5.9/go.mod h1:17dUlkBOakJ0+DkrSSNjCkIjxS6bF9zb3elmeNGIjoY=
github.com/google/uuid v1.6.0 h1:NIvaJDMOsjHA8n1jAhLSgzrAzy1Hgr+hNrb57e+94F0=
github.com/google/uuid v1.6.0/go.mod h1:TIyPZe4MgqvfeYDBFedMoGGpEw/LqOeaOT+nhxU+yHo=
github.com/nxadm/tail v1.4.11 h1:8feyoE3OzPrcshW5/MJ4sGESc5cqmGkGCWlco4l0bqY=
github.com/nxadm/tail v1.4.11/go.mod h1:OTaG3NK980DZzxbRq6lEuzgU+mug70nY11sMd4JXXHc=
github.com/onsi/ginkgo v1.16.5 h1:8xi0RTUf59SOSfEtZMvwTvXYMzG4gV23XVHOZiXNtnE=
github.com/onsi/ginkgo v1.16.5/go.mod h1:+E8gABHa3K6zRBolWtd+ROzc/U5bkGt0FwiG042wbpU=
github.com/onsi/gomega v1.27.7 h1:fVih9JD6ogIiHUN6ePK7HJidyEDpWGVB5mzM7cWNXoU=
github.com/onsi/gomega v1.27.7/go.mod h1:1p8OOlwo2iUUDsHnOrjE5UKYJ+e3W8eQ3qSlRahPmr4=
github.com/pmezard/go-difflib v1.0.0 h1:4DBwDE0NGyQoBHbLQYPwSUPoCMWR5BEzIk/f1lZbAQM=
github.com/pmezard/go-difflib v1.0.0/go.mod h1:iKH77koFhYxTK1pcRnkKkqfTogsbg7gZNVY4sRDYZ/4=
github.com/stretchr/testify v1.7.2 h1:4jaiDzPyXQvSd7D0EjG45355tLlV3VOECpq10pLC+8s=
github.com/stretchr/testify v1.7.2/go.mod h1:R6va5+xMeoiuVRoj+gSkQ7d3FALtqAAGI1FQKckRals=
golang.org/x/net v0.20.0 h1:aCL9BSgETF1k+blQaYUBx9hJ9LOGP3gAVemcZlf1Kpo=
golang.org/x/net v0.20.0/go.mod h1:z8BVo6PvndSri0LbOE3hAn0apkU+1YvI6E70E9jsnvY=
golang.org/x/sys v0.16.0 h1:xWw16ngr6ZMtmxDyKyIgsE93KNKz5HKmMa3b8ALHidU=
golang.org/x/sys v0.16.0/go.mod h1:/VUhepiaJMQUp4+oa/7Zr1D23ma6VTLIYjOOTFZPUcA=
golang.org/x/text v0.14.0 h1:ScX5w1eTa3QqT8oi6+ziP7dTV1S2+ALU0bI+0zXKWiQ=
golang.org/x/text v0.14.0/go.mod h1:18ZOQIKpY8NJVqYksKHtTdi31H5itFRjB5/qKTNYzSU=
gopkg.in/tomb.v1 v1.0.0-20141024135613-dd632973f1e7 h1:uRGJdciOHaEIrze2W8Q3AKkepLTh2hOroT7a+7czfdQ=
gopkg.in/tomb.v1 v1.0.0-20141024135613-dd632973f1e7/go.mod h1:dt/ZhP58zS4L8KSrWDmTeBkI65Dw0HsyUHuEVlX15mw=
gopkg.in/yaml.v3 v3.0.1 h1:fxVm/GzAzEWqLHuvctI91KS9hhNmmWOoWu0XTYJS7CA=
gopkg.in/yaml.v3 v3.0.1/go.mod h1:K4uyk7z7BCEPqu6E+C64Yfv1cQ7kz7rIZviUmN+EgEM=
